<?xml version="1.0" encoding="utf-8"?>
<Project ToolsVersion="4.0" xmlns="http://schemas.microsoft.com/developer/msbuild/2003">
  <ItemGroup>
    <Filter Include="Engine">
      <UniqueIdentifier>{c542d2a9-4f22-45d5-8607-160ac49072cb}</UniqueIdentifier>
    </Filter>
    <Filter Include="Engine\Headers">
      <UniqueIdentifier>{fdf479fc-c1c8-4b2e-a6f5-23bf3ddec7af}</UniqueIdentifier>
    </Filter>
    <Filter Include="Engine\Source">
      <UniqueIdentifier>{35780796-9685-4255-a6ce-ba7a2cdc8734}</UniqueIdentifier>
    </Filter>
    <Filter Include="Game">
      <UniqueIdentifier>{4FC737F1-C7A5-4376-A066-2A32D752A2FF}</UniqueIdentifier>
      <Extensions>cpp;c;cc;cxx;def;odl;idl;hpj;bat;asm;asmx</Extensions>
    </Filter>
    <Filter Include="Utilities">
      <UniqueIdentifier>{aa120c7f-91e0-429d-81f9-d4bb55cd0095}</UniqueIdentifier>
    </Filter>
    <Filter Include="Utilities\Headers">
      <UniqueIdentifier>{931fd7dc-2803-431e-941b-a0a6713ae80e}</UniqueIdentifier>
    </Filter>
    <Filter Include="Utilities\Source">
      <UniqueIdentifier>{34a6a89d-ae4b-4f85-b860-553157476eaf}</UniqueIdentifier>
    </Filter>
    <Filter Include="Shaders">
      <UniqueIdentifier>{b2d39568-cd5b-449d-b9f2-5995cc8bc4f9}</UniqueIdentifier>
    </Filter>
    <Filter Include="Camera">
      <UniqueIdentifier>{278cafa7-1866-44cf-b898-1d308665416f}</UniqueIdentifier>
    </Filter>
    <Filter Include="Camera\Headers">
      <UniqueIdentifier>{9b596a65-6bf0-4439-aa55-1c0b33419024}</UniqueIdentifier>
    </Filter>
    <Filter Include="Camera\Source">
      <UniqueIdentifier>{4eaadac0-de40-459d-84bb-faaaabc826ac}</UniqueIdentifier>
    </Filter>
  </ItemGroup>
  <ItemGroup>
    <ClCompile Include="Game.cpp">
      <Filter>Engine\Source</Filter>
    </ClCompile>
    <ClCompile Include="GameTime.cpp">
      <Filter>Engine\Source</Filter>
    </ClCompile>
    <ClCompile Include="Globals.cpp">
      <Filter>Engine\Source</Filter>
    </ClCompile>
    <ClCompile Include="Input.cpp">
      <Filter>Engine\Source</Filter>
    </ClCompile>
    <ClCompile Include="Game1.cpp">
      <Filter>Game</Filter>
    </ClCompile>
    <ClCompile Include="Program.cpp">
      <Filter>Engine\Source</Filter>
    </ClCompile>
    <ClCompile Include="Grid.cpp">
      <Filter>Utilities\Source</Filter>
    </ClCompile>
    <ClCompile Include="ShaderProgram.cpp">
      <Filter>Engine\Source</Filter>
    </ClCompile>
    <ClCompile Include="HelperFunctions.cpp">
      <Filter>Utilities\Source</Filter>
    </ClCompile>
    <ClCompile Include="BoundingBox.cpp">
      <Filter>Utilities\Source</Filter>
    </ClCompile>
    <ClCompile Include="WinUtils.cpp">
      <Filter>Utilities\Source</Filter>
    </ClCompile>
    <ClCompile Include="Camera.cpp">
      <Filter>Camera\Source</Filter>
    </ClCompile>
    <ClCompile Include="Mouse.cpp">
      <Filter>Engine\Source</Filter>
    </ClCompile>
  </ItemGroup>
  <ItemGroup>
    <ClInclude Include="Game.h">
      <Filter>Engine\Headers</Filter>
    </ClInclude>
    <ClInclude Include="GameTime.h">
      <Filter>Engine\Headers</Filter>
    </ClInclude>
    <ClInclude Include="Globals.h">
      <Filter>Engine\Headers</Filter>
    </ClInclude>
    <ClInclude Include="Input.h">
      <Filter>Engine\Headers</Filter>
    </ClInclude>
    <ClInclude Include="Game1.h">
      <Filter>Game</Filter>
    </ClInclude>
    <ClInclude Include="Grid.h">
      <Filter>Utilities\Headers</Filter>
    </ClInclude>
    <ClInclude Include="ShaderProgram.h">
      <Filter>Engine\Headers</Filter>
    </ClInclude>
    <ClInclude Include="HelperFunctions.h">
      <Filter>Utilities\Headers</Filter>
    </ClInclude>
    <ClInclude Include="BoundingBox.h">
      <Filter>Utilities\Headers</Filter>
    </ClInclude>
    <ClInclude Include="DSZCore.h">
      <Filter>Engine\Headers</Filter>
    </ClInclude>
    <ClInclude Include="DSZMathHeader.h">
      <Filter>Utilities\Headers</Filter>
    </ClInclude>
    <ClInclude Include="WinUtils.h">
      <Filter>Utilities\Headers</Filter>
    </ClInclude>
    <ClInclude Include="Camera.h">
      <Filter>Camera\Headers</Filter>
    </ClInclude>
    <ClInclude Include="Mouse.h">
      <Filter>Engine\Headers</Filter>
    </ClInclude>
  </ItemGroup>
  <ItemGroup>
    <None Include="fs1.frag">
      <Filter>Shaders</Filter>
    </None>
    <None Include="vs1.vert">
      <Filter>Shaders</Filter>
    </None>
  </ItemGroup>
</Project>